Microsoft Visual Studio Solution File, Format Version 12.00
# Visual Studio Version 17
VisualStudioVersion = 17.5.2.0
MinimumVisualStudioVersion = 10.0.40219.1
Project("{FAE04EC0-301F-11D3-BF4B-00C04F79EFBC}") = "UrbanSecurityTest", "UrbanSecurityTest\UrbanSecurityTest.csproj", "{0DAA19A4-76DE-F2DE-67B0-7BAB088FA843}"
EndProject
Global
	GlobalSection(SolutionConfigurationPlatforms) = preSolution
		Debug|Any CPU = Debug|Any CPU
		Release|Any CPU = Release|Any CPU
	EndGlobalSection
	GlobalSection(ProjectConfigurationPlatforms) = postSolution
		{0DAA19A4-76DE-F2DE-67B0-7BAB088FA843}.Debug|Any CPU.ActiveCfg = Debug|Any CPU
		{0DAA19A4-76DE-F2DE-67B0-7BAB088FA843}.Debug|Any CPU.Build.0 = Debug|Any CPU
		{0DAA19A4-76DE-F2DE-67B0-7BAB088FA843}.Release|Any CPU.ActiveCfg = Release|Any CPU
		{0DAA19A4-76DE-F2DE-67B0-7BAB088FA843}.Release|Any CPU.Build.0 = Release|Any CPU
	EndGlobalSection
	GlobalSection(SolutionProperties) = preSolution
		HideSolutionNode = FALSE
	EndGlobalSection
	GlobalSection(ExtensibilityGlobals) = postSolution
		SolutionGuid = {00D7E596-F002-4571-9565-78D6079B04DD}
	EndGlobalSection
EndGlobal
